
Microsoft Visual Studio Solution File, Format Version 12.00
# Visual Studio 2012
Project("{FAE04EC0-301F-11D3-BF4B-00C04F79EFBC}") = "SeminerFSMVU", "SeminerFSMVU\SeminerFSMVU.csproj", "{C5425CE6-1F39-4EBF-98F4-D3CA7AEFB61E}"
EndProject
Project("{FAE04EC0-301F-11D3-BF4B-00C04F79EFBC}") = "DAL", "DAL\DAL.csproj", "{955395D9-2361-43B2-BCFB-1166AB117B90}"
EndProject
Global
	GlobalSection(SolutionConfigurationPlatforms) = preSolution
		Debug|Any CPU = Debug|Any CPU
		Release|Any CPU = Release|Any CPU
	EndGlobalSection
	GlobalSection(ProjectConfigurationPlatforms) = postSolution
		{C5425CE6-1F39-4EBF-98F4-D3CA7AEFB61E}.Debug|Any CPU.ActiveCfg = Debug|Any CPU
		{C5425CE6-1F39-4EBF-98F4-D3CA7AEFB61E}.Debug|Any CPU.Build.0 = Debug|Any CPU
		{C5425CE6-1F39-4EBF-98F4-D3CA7AEFB61E}.Release|Any CPU.ActiveCfg = Release|Any CPU
		{C5425CE6-1F39-4EBF-98F4-D3CA7AEFB61E}.Release|Any CPU.Build.0 = Release|Any CPU
		{955395D9-2361-43B2-BCFB-1166AB117B90}.Debug|Any CPU.ActiveCfg = Debug|Any CPU
		{955395D9-2361-43B2-BCFB-1166AB117B90}.Debug|Any CPU.Build.0 = Debug|Any CPU
		{955395D9-2361-43B2-BCFB-1166AB117B90}.Release|Any CPU.ActiveCfg = Release|Any CPU
		{955395D9-2361-43B2-BCFB-1166AB117B90}.Release|Any CPU.Build.0 = Release|Any CPU
	EndGlobalSection
EndGlobal
